
Microsoft Visual Studio Solution File, Format Version 12.00
# Visual Studio Version 17
VisualStudioVersion = 17.6.33723.286
MinimumVisualStudioVersion = 10.0.40219.1
Project("{FAE04EC0-301F-11D3-BF4B-00C04F79EFBC}") = "DrillToLight", "DrillToLight\DrillToLight.csproj", "{7AA023AF-E0F3-43AE-9054-06F6DEC32452}"
EndProject
Global
	GlobalSection(SolutionConfigurationPlatforms) = preSolution
		Debug|Any CPU = Debug|Any CPU
		Release|Any CPU = Release|Any CPU
	EndGlobalSection
	GlobalSection(ProjectConfigurationPlatforms) = postSolution
		{7AA023AF-E0F3-43AE-9054-06F6DEC32452}.Debug|Any CPU.ActiveCfg = Debug|Any CPU
		{7AA023AF-E0F3-43AE-9054-06F6DEC32452}.Debug|Any CPU.Build.0 = Debug|Any CPU
		{7AA023AF-E0F3-43AE-9054-06F6DEC32452}.Release|Any CPU.ActiveCfg = Release|Any CPU
		{7AA023AF-E0F3-43AE-9054-06F6DEC32452}.Release|Any CPU.Build.0 = Release|Any CPU
	EndGlobalSection
	GlobalSection(SolutionProperties) = preSolution
		HideSolutionNode = FALSE
	EndGlobalSection
	GlobalSection(ExtensibilityGlobals) = postSolution
		SolutionGuid = {4B75EAE1-99B9-41BA-8352-8A41D136110C}
	EndGlobalSection
EndGlobal
